# This file is autogenerated, do not edit; changes may be undone by the next 'dep ensure'.


[[projects]]
  branch = "master"
  digest = "1:cf7759da55c9f1dfa3eefff1dbe140f0877d9081a0fa2d973a55595cbf11325c"
  name = "github.com/AreaHQ/jsonhal"
  packages = ["."]
  pruneopts = ""
  revision = "715ffaec982bc9cb2636d5cadcd6def5f92fa49f"

[[projects]]
  digest = "1:d6943e4adf2a1b42982c51562f7060b916f341f32e1b5cb337ba38f6be455abb"
  name = "github.com/ONSdigital/go-launch-a-survey"
  packages = [
    "clients",
    "settings",
    "surveys",
  ]
  pruneopts = ""
  revision = "82cd639c81c6c5c19a8a606ef31e113ffebf3520"
  version = "v1.2.0"

[[projects]]
  digest = "1:6b55df4b0517a459af9d3879c99330af4367adcf45f3d0d37ded80a6272ae057"
  name = "github.com/satori/go.uuid"
  packages = ["."]
  pruneopts = ""
  revision = "879c5887cd475cd7864858769793b2ceb0d44feb"
  version = "v1.1.0"

[[projects]]
  digest = "1:8cce7ac3155e85d9054c69f804654e698002c2eae33b83c6b47d8615a4dd7838"
  name = "gopkg.in/square/go-jose.v2"
  packages = [
    ".",
    "cipher",
    "json",
    "jwt",
  ]
  pruneopts = ""
  revision = "b25e6cab129e4a54675b42ea49d38e9c33ade9e6"
  version = "v2.1.2"

[solve-meta]
  analyzer-name = "dep"
  analyzer-version = 1
  input-imports = [
    "github.com/AreaHQ/jsonhal",
    "github.com/ONSdigital/go-launch-a-survey/clients",
    "github.com/ONSdigital/go-launch-a-survey/settings",
    "github.com/ONSdigital/go-launch-a-survey/surveys",
    "github.com/satori/go.uuid",
    "gopkg.in/square/go-jose.v2",
    "gopkg.in/square/go-jose.v2/json",
    "gopkg.in/square/go-jose.v2/jwt",
  ]
  solver-name = "gps-cdcl"
  solver-version = 1
